
Microsoft Visual Studio Solution File, Format Version 11.00
# Visual Studio 2010
Project("{FAE04EC0-301F-11D3-BF4B-00C04F79EFBC}") = "Assembly-CSharp", "Assembly-CSharp.csproj", "{DF3BF4F8-9E50-6A6F-F399-D6D4C2FD1B86}"
EndProject
Project("{FAE04EC0-301F-11D3-BF4B-00C04F79EFBC}") = "Assembly-CSharp-firstpass", "Assembly-CSharp-firstpass.csproj", "{6F361F44-7CB9-2928-31A1-E458DAA08E3E}"
EndProject
Global
	GlobalSection(SolutionConfigurationPlatforms) = preSolution
		Debug|Any CPU = Debug|Any CPU
		Release|Any CPU = Release|Any CPU
	EndGlobalSection
	GlobalSection(ProjectConfigurationPlatforms) = postSolution
		{DF3BF4F8-9E50-6A6F-F399-D6D4C2FD1B86}.Debug|Any CPU.ActiveCfg = Debug|Any CPU
		{DF3BF4F8-9E50-6A6F-F399-D6D4C2FD1B86}.Debug|Any CPU.Build.0 = Debug|Any CPU
		{DF3BF4F8-9E50-6A6F-F399-D6D4C2FD1B86}.Release|Any CPU.ActiveCfg = Release|Any CPU
		{DF3BF4F8-9E50-6A6F-F399-D6D4C2FD1B86}.Release|Any CPU.Build.0 = Release|Any CPU
		{6F361F44-7CB9-2928-31A1-E458DAA08E3E}.Debug|Any CPU.ActiveCfg = Debug|Any CPU
		{6F361F44-7CB9-2928-31A1-E458DAA08E3E}.Debug|Any CPU.Build.0 = Debug|Any CPU
		{6F361F44-7CB9-2928-31A1-E458DAA08E3E}.Release|Any CPU.ActiveCfg = Release|Any CPU
		{6F361F44-7CB9-2928-31A1-E458DAA08E3E}.Release|Any CPU.Build.0 = Release|Any CPU
	EndGlobalSection
	GlobalSection(SolutionProperties) = preSolution
		HideSolutionNode = FALSE
	EndGlobalSection
	GlobalSection(MonoDevelopProperties) = preSolution
		StartupItem = Assembly-CSharp.csproj
	EndGlobalSection
EndGlobal
