
Microsoft Visual Studio Solution File, Format Version 11.00
# Visual Studio 2010
Project("{FAE04EC0-301F-11D3-BF4B-00C04F79EFBC}") = "Assembly-CSharp", "Assembly-CSharp.csproj", "{67C69355-2B13-B9AA-A7EB-2AB68F5A55CF}"
EndProject
Project("{FAE04EC0-301F-11D3-BF4B-00C04F79EFBC}") = "Assembly-CSharp-Editor", "Assembly-CSharp-Editor.csproj", "{D8D0C52B-0459-8553-2AB8-92CFDFF1373C}"
EndProject
Global
	GlobalSection(SolutionConfigurationPlatforms) = preSolution
		Debug|Any CPU = Debug|Any CPU
		Release|Any CPU = Release|Any CPU
	EndGlobalSection
	GlobalSection(ProjectConfigurationPlatforms) = postSolution
		{67C69355-2B13-B9AA-A7EB-2AB68F5A55CF}.Debug|Any CPU.ActiveCfg = Debug|Any CPU
		{67C69355-2B13-B9AA-A7EB-2AB68F5A55CF}.Debug|Any CPU.Build.0 = Debug|Any CPU
		{67C69355-2B13-B9AA-A7EB-2AB68F5A55CF}.Release|Any CPU.ActiveCfg = Release|Any CPU
		{67C69355-2B13-B9AA-A7EB-2AB68F5A55CF}.Release|Any CPU.Build.0 = Release|Any CPU
		{D8D0C52B-0459-8553-2AB8-92CFDFF1373C}.Debug|Any CPU.ActiveCfg = Debug|Any CPU
		{D8D0C52B-0459-8553-2AB8-92CFDFF1373C}.Debug|Any CPU.Build.0 = Debug|Any CPU
		{D8D0C52B-0459-8553-2AB8-92CFDFF1373C}.Release|Any CPU.ActiveCfg = Release|Any CPU
		{D8D0C52B-0459-8553-2AB8-92CFDFF1373C}.Release|Any CPU.Build.0 = Release|Any CPU
	EndGlobalSection
	GlobalSection(SolutionProperties) = preSolution
		HideSolutionNode = FALSE
	EndGlobalSection
EndGlobal
